
Microsoft Visual Studio Solution File, Format Version 12.00
# Visual Studio Version 17
VisualStudioVersion = 17.5.33502.453
MinimumVisualStudioVersion = 10.0.40219.1
Project("{9A19103F-16F7-4668-BE54-9A1E7A4F7556}") = "Docsoftnew", "Docsoftnew\Docsoftnew.csproj", "{8E04A607-C9C5-44DF-A472-96075CB1E297}"
EndProject
Project("{9A19103F-16F7-4668-BE54-9A1E7A4F7556}") = "DocsoftBack", "DocsoftBack\DocsoftBack.csproj", "{493DD47A-3848-4996-AD13-C8BBE1EE67B3}"
EndProject
Project("{FAE04EC0-301F-11D3-BF4B-00C04F79EFBC}") = "RDCLDOCSOFT", "RDCLDOCSOFT\RDCLDOCSOFT.csproj", "{293C8409-1C41-41F9-986D-78FB3D8AC30F}"
EndProject
Global
	GlobalSection(SolutionConfigurationPlatforms) = preSolution
		Debug|Any CPU = Debug|Any CPU
		Release|Any CPU = Release|Any CPU
	EndGlobalSection
	GlobalSection(ProjectConfigurationPlatforms) = postSolution
		{8E04A607-C9C5-44DF-A472-96075CB1E297}.Debug|Any CPU.ActiveCfg = Debug|Any CPU
		{8E04A607-C9C5-44DF-A472-96075CB1E297}.Debug|Any CPU.Build.0 = Debug|Any CPU
		{8E04A607-C9C5-44DF-A472-96075CB1E297}.Release|Any CPU.ActiveCfg = Release|Any CPU
		{8E04A607-C9C5-44DF-A472-96075CB1E297}.Release|Any CPU.Build.0 = Release|Any CPU
		{493DD47A-3848-4996-AD13-C8BBE1EE67B3}.Debug|Any CPU.ActiveCfg = Debug|Any CPU
		{493DD47A-3848-4996-AD13-C8BBE1EE67B3}.Debug|Any CPU.Build.0 = Debug|Any CPU
		{493DD47A-3848-4996-AD13-C8BBE1EE67B3}.Release|Any CPU.ActiveCfg = Release|Any CPU
		{493DD47A-3848-4996-AD13-C8BBE1EE67B3}.Release|Any CPU.Build.0 = Release|Any CPU
		{293C8409-1C41-41F9-986D-78FB3D8AC30F}.Debug|Any CPU.ActiveCfg = Debug|Any CPU
		{293C8409-1C41-41F9-986D-78FB3D8AC30F}.Debug|Any CPU.Build.0 = Debug|Any CPU
		{293C8409-1C41-41F9-986D-78FB3D8AC30F}.Release|Any CPU.ActiveCfg = Release|Any CPU
		{293C8409-1C41-41F9-986D-78FB3D8AC30F}.Release|Any CPU.Build.0 = Release|Any CPU
	EndGlobalSection
	GlobalSection(SolutionProperties) = preSolution
		HideSolutionNode = FALSE
	EndGlobalSection
	GlobalSection(ExtensibilityGlobals) = postSolution
		SolutionGuid = {D10A1176-9BC2-4C62-8698-43666ADAA051}
	EndGlobalSection
EndGlobal
